
Microsoft Visual Studio Solution File, Format Version 12.00
# Visual Studio 15
VisualStudioVersion = 15.0.27004.2006
MinimumVisualStudioVersion = 10.0.40219.1
Project("{FAE04EC0-301F-11D3-BF4B-00C04F79EFBC}") = "WebScrapping", "WebScrapping\WebScrapping.csproj", "{5275C2AC-B7F8-463F-AF91-EB04EB7F7EA7}"
EndProject
Global
	GlobalSection(SolutionConfigurationPlatforms) = preSolution
		Debug|Any CPU = Debug|Any CPU
		Release|Any CPU = Release|Any CPU
	EndGlobalSection
	GlobalSection(ProjectConfigurationPlatforms) = postSolution
		{5275C2AC-B7F8-463F-AF91-EB04EB7F7EA7}.Debug|Any CPU.ActiveCfg = Debug|Any CPU
		{5275C2AC-B7F8-463F-AF91-EB04EB7F7EA7}.Debug|Any CPU.Build.0 = Debug|Any CPU
		{5275C2AC-B7F8-463F-AF91-EB04EB7F7EA7}.Release|Any CPU.ActiveCfg = Release|Any CPU
		{5275C2AC-B7F8-463F-AF91-EB04EB7F7EA7}.Release|Any CPU.Build.0 = Release|Any CPU
	EndGlobalSection
	GlobalSection(SolutionProperties) = preSolution
		HideSolutionNode = FALSE
	EndGlobalSection
	GlobalSection(ExtensibilityGlobals) = postSolution
		SolutionGuid = {7FEE722A-001E-4290-8192-78949DA0DFCB}
	EndGlobalSection
EndGlobal
