
Microsoft Visual Studio Solution File, Format Version 12.00
# Visual Studio 15
VisualStudioVersion = 15.0.27004.2006
MinimumVisualStudioVersion = 10.0.40219.1
Project("{FAE04EC0-301F-11D3-BF4B-00C04F79EFBC}") = "Factorial", "Factorial\Factorial.csproj", "{79EBCC5F-9C48-421C-A053-4A2A85BDBDEE}"
EndProject
Global
	GlobalSection(SolutionConfigurationPlatforms) = preSolution
		Debug|Any CPU = Debug|Any CPU
		Release|Any CPU = Release|Any CPU
	EndGlobalSection
	GlobalSection(ProjectConfigurationPlatforms) = postSolution
		{79EBCC5F-9C48-421C-A053-4A2A85BDBDEE}.Debug|Any CPU.ActiveCfg = Debug|Any CPU
		{79EBCC5F-9C48-421C-A053-4A2A85BDBDEE}.Debug|Any CPU.Build.0 = Debug|Any CPU
		{79EBCC5F-9C48-421C-A053-4A2A85BDBDEE}.Release|Any CPU.ActiveCfg = Release|Any CPU
		{79EBCC5F-9C48-421C-A053-4A2A85BDBDEE}.Release|Any CPU.Build.0 = Release|Any CPU
	EndGlobalSection
	GlobalSection(SolutionProperties) = preSolution
		HideSolutionNode = FALSE
	EndGlobalSection
	GlobalSection(ExtensibilityGlobals) = postSolution
		SolutionGuid = {603D7297-9EBC-425B-90E0-5E53BB719042}
	EndGlobalSection
EndGlobal
