
Microsoft Visual Studio Solution File, Format Version 12.00
# Visual Studio 15
VisualStudioVersion = 15.0.27004.2006
MinimumVisualStudioVersion = 10.0.40219.1
Project("{FAE04EC0-301F-11D3-BF4B-00C04F79EFBC}") = "ThreadUnSafe", "ThreadUnSafe\ThreadUnSafe.csproj", "{CF0A7823-FD81-49DE-87CC-BC2F97E287D4}"
EndProject
Global
	GlobalSection(SolutionConfigurationPlatforms) = preSolution
		Debug|Any CPU = Debug|Any CPU
		Release|Any CPU = Release|Any CPU
	EndGlobalSection
	GlobalSection(ProjectConfigurationPlatforms) = postSolution
		{CF0A7823-FD81-49DE-87CC-BC2F97E287D4}.Debug|Any CPU.ActiveCfg = Debug|Any CPU
		{CF0A7823-FD81-49DE-87CC-BC2F97E287D4}.Debug|Any CPU.Build.0 = Debug|Any CPU
		{CF0A7823-FD81-49DE-87CC-BC2F97E287D4}.Release|Any CPU.ActiveCfg = Release|Any CPU
		{CF0A7823-FD81-49DE-87CC-BC2F97E287D4}.Release|Any CPU.Build.0 = Release|Any CPU
	EndGlobalSection
	GlobalSection(SolutionProperties) = preSolution
		HideSolutionNode = FALSE
	EndGlobalSection
	GlobalSection(ExtensibilityGlobals) = postSolution
		SolutionGuid = {043A1761-F92C-4F64-9BBF-F2B1FB3B45E7}
	EndGlobalSection
EndGlobal
